
Microsoft Visual Studio Solution File, Format Version 12.00
# Visual Studio Version 17
VisualStudioVersion = 17.7.34031.279
MinimumVisualStudioVersion = 10.0.40219.1
Project("{FAE04EC0-301F-11D3-BF4B-00C04F79EFBC}") = "RegistrySystem", "RegistrySystem.csproj", "{F972FAB3-BFE0-43F7-8A6B-451C6C59484E}"
EndProject
Global
	GlobalSection(SolutionConfigurationPlatforms) = preSolution
		Debug|Any CPU = Debug|Any CPU
		Release|Any CPU = Release|Any CPU
	EndGlobalSection
	GlobalSection(ProjectConfigurationPlatforms) = postSolution
		{F972FAB3-BFE0-43F7-8A6B-451C6C59484E}.Debug|Any CPU.ActiveCfg = Debug|Any CPU
		{F972FAB3-BFE0-43F7-8A6B-451C6C59484E}.Debug|Any CPU.Build.0 = Debug|Any CPU
		{F972FAB3-BFE0-43F7-8A6B-451C6C59484E}.Release|Any CPU.ActiveCfg = Release|Any CPU
		{F972FAB3-BFE0-43F7-8A6B-451C6C59484E}.Release|Any CPU.Build.0 = Release|Any CPU
	EndGlobalSection
	GlobalSection(SolutionProperties) = preSolution
		HideSolutionNode = FALSE
	EndGlobalSection
	GlobalSection(ExtensibilityGlobals) = postSolution
		SolutionGuid = {5981E9F0-210D-4766-8621-C579DC2791AA}
	EndGlobalSection
EndGlobal
